// !$*UTF8*$!
{
	archiveVersion = 1;
	classes = {
	};
	objectVersion = 52;
	objects = {

/* Begin PBXBuildFile section */
		0A69CD0B2422A66A007E0B1E /* PhotosEndpoint.swift in Sources */ = {isa = PBXBuildFile; fileRef = 0A69CD0A2422A66A007E0B1E /* PhotosEndpoint.swift */; };
		0AE779092419F22D00FE8378 /* AppDelegate.swift in Sources */ = {isa = PBXBuildFile; fileRef = 0AE779082419F22D00FE8378 /* AppDelegate.swift */; };
		0AE7790D2419F22D00FE8378 /* ViewController.swift in Sources */ = {isa = PBXBuildFile; fileRef = 0AE7790C2419F22D00FE8378 /* ViewController.swift */; };
		0AE779102419F22D00FE8378 /* Main.storyboard in Resources */ = {isa = PBXBuildFile; fileRef = 0AE7790E2419F22D00FE8378 /* Main.storyboard */; };
		0AE779122419F22E00FE8378 /* Assets.xcassets in Resources */ = {isa = PBXBuildFile; fileRef = 0AE779112419F22E00FE8378 /* Assets.xcassets */; };
		0AE779152419F22E00FE8378 /* LaunchScreen.storyboard in Resources */ = {isa = PBXBuildFile; fileRef = 0AE779132419F22E00FE8378 /* LaunchScreen.storyboard */; };
		0AE779202419F22F00FE8378 /* Demo500pxTests.swift in Sources */ = {isa = PBXBuildFile; fileRef = 0AE7791F2419F22F00FE8378 /* Demo500pxTests.swift */; };
		0AEF443E24264C95003F1104 /* Image.swift in Sources */ = {isa = PBXBuildFile; fileRef = 0AEF443D24264C95003F1104 /* Image.swift */; };
		0AEF444124264E1B003F1104 /* Photo.swift in Sources */ = {isa = PBXBuildFile; fileRef = 0AEF444024264E1B003F1104 /* Photo.swift */; };
		0AEF444424267E58003F1104 /* Photos.json in Resources */ = {isa = PBXBuildFile; fileRef = 0AEF444324267E58003F1104 /* Photos.json */; };
		0AEF444624268039003F1104 /* PhotosModel.swift in Sources */ = {isa = PBXBuildFile; fileRef = 0AEF444524268039003F1104 /* PhotosModel.swift */; };
		0AEF4448242682B1003F1104 /* DictionaryRepresentation.swift in Sources */ = {isa = PBXBuildFile; fileRef = 0AEF4447242682B1003F1104 /* DictionaryRepresentation.swift */; };
		0AEF444D242690E3003F1104 /* Endpoint.swift in Sources */ = {isa = PBXBuildFile; fileRef = 0AEF444C242690E3003F1104 /* Endpoint.swift */; };
		0AEF44522426916A003F1104 /* PhotosDecodingTests.swift in Sources */ = {isa = PBXBuildFile; fileRef = 0AEF44512426916A003F1104 /* PhotosDecodingTests.swift */; };
		0AEF445424269659003F1104 /* API.swift in Sources */ = {isa = PBXBuildFile; fileRef = 0AEF445324269659003F1104 /* API.swift */; };
		0AF3A90B2419F6F700D7AC39 /* Constants.swift in Sources */ = {isa = PBXBuildFile; fileRef = 0AF3A90A2419F6F700D7AC39 /* Constants.swift */; };
		0AF5E6E32424054800FB1F69 /* Alamofire in Frameworks */ = {isa = PBXBuildFile; productRef = 0AF5E6E22424054800FB1F69 /* Alamofire */; };
/* End PBXBuildFile section */

/* Begin PBXContainerItemProxy section */
		0AE7791C2419F22F00FE8378 /* PBXContainerItemProxy */ = {
			isa = PBXContainerItemProxy;
			containerPortal = 0AE778FD2419F22D00FE8378 /* Project object */;
			proxyType = 1;
			remoteGlobalIDString = 0AE779042419F22D00FE8378;
			remoteInfo = Demo500px;
		};
/* End PBXContainerItemProxy section */

/* Begin PBXFileReference section */
		0A69CD0A2422A66A007E0B1E /* PhotosEndpoint.swift */ = {isa = PBXFileReference; lastKnownFileType = sourcecode.swift; path = PhotosEndpoint.swift; sourceTree = "<group>"; };
		0AE779052419F22D00FE8378 /* Demo500px.app */ = {isa = PBXFileReference; explicitFileType = wrapper.application; includeInIndex = 0; path = Demo500px.app; sourceTree = BUILT_PRODUCTS_DIR; };
		0AE779082419F22D00FE8378 /* AppDelegate.swift */ = {isa = PBXFileReference; lastKnownFileType = sourcecode.swift; path = AppDelegate.swift; sourceTree = "<group>"; };
		0AE7790C2419F22D00FE8378 /* ViewController.swift */ = {isa = PBXFileReference; lastKnownFileType = sourcecode.swift; path = ViewController.swift; sourceTree = "<group>"; };
		0AE7790F2419F22D00FE8378 /* Base */ = {isa = PBXFileReference; lastKnownFileType = file.storyboard; name = Base; path = Base.lproj/Main.storyboard; sourceTree = "<group>"; };
		0AE779112419F22E00FE8378 /* Assets.xcassets */ = {isa = PBXFileReference; lastKnownFileType = folder.assetcatalog; path = Assets.xcassets; sourceTree = "<group>"; };
		0AE779142419F22E00FE8378 /* Base */ = {isa = PBXFileReference; lastKnownFileType = file.storyboard; name = Base; path = Base.lproj/LaunchScreen.storyboard; sourceTree = "<group>"; };
		0AE779162419F22E00FE8378 /* Info.plist */ = {isa = PBXFileReference; lastKnownFileType = text.plist.xml; path = Info.plist; sourceTree = "<group>"; };
		0AE7791B2419F22F00FE8378 /* Demo500pxTests.xctest */ = {isa = PBXFileReference; explicitFileType = wrapper.cfbundle; includeInIndex = 0; path = Demo500pxTests.xctest; sourceTree = BUILT_PRODUCTS_DIR; };
		0AE7791F2419F22F00FE8378 /* Demo500pxTests.swift */ = {isa = PBXFileReference; lastKnownFileType = sourcecode.swift; path = Demo500pxTests.swift; sourceTree = "<group>"; };
		0AE779212419F22F00FE8378 /* Info.plist */ = {isa = PBXFileReference; lastKnownFileType = text.plist.xml; path = Info.plist; sourceTree = "<group>"; };
		0AEF443D24264C95003F1104 /* Image.swift */ = {isa = PBXFileReference; lastKnownFileType = sourcecode.swift; path = Image.swift; sourceTree = "<group>"; };
		0AEF444024264E1B003F1104 /* Photo.swift */ = {isa = PBXFileReference; lastKnownFileType = sourcecode.swift; path = Photo.swift; sourceTree = "<group>"; };
		0AEF444324267E58003F1104 /* Photos.json */ = {isa = PBXFileReference; lastKnownFileType = text.json; path = Photos.json; sourceTree = "<group>"; };
		0AEF444524268039003F1104 /* PhotosModel.swift */ = {isa = PBXFileReference; lastKnownFileType = sourcecode.swift; path = PhotosModel.swift; sourceTree = "<group>"; };
		0AEF4447242682B1003F1104 /* DictionaryRepresentation.swift */ = {isa = PBXFileReference; lastKnownFileType = sourcecode.swift; path = DictionaryRepresentation.swift; sourceTree = "<group>"; };
		0AEF444C242690E3003F1104 /* Endpoint.swift */ = {isa = PBXFileReference; lastKnownFileType = sourcecode.swift; path = Endpoint.swift; sourceTree = "<group>"; };
		0AEF44512426916A003F1104 /* PhotosDecodingTests.swift */ = {isa = PBXFileReference; lastKnownFileType = sourcecode.swift; path = PhotosDecodingTests.swift; sourceTree = "<group>"; };
		0AEF445324269659003F1104 /* API.swift */ = {isa = PBXFileReference; lastKnownFileType = sourcecode.swift; path = API.swift; sourceTree = "<group>"; };
		0AF3A90A2419F6F700D7AC39 /* Constants.swift */ = {isa = PBXFileReference; lastKnownFileType = sourcecode.swift; path = Constants.swift; sourceTree = "<group>"; };
/* End PBXFileReference section */

/* Begin PBXFrameworksBuildPhase section */
		0AE779022419F22D00FE8378 /* Frameworks */ = {
			isa = PBXFrameworksBuildPhase;
			buildActionMask = 2147483647;
			files = (
				0AF5E6E32424054800FB1F69 /* Alamofire in Frameworks */,
			);
			runOnlyForDeploymentPostprocessing = 0;
		};
		0AE779182419F22F00FE8378 /* Frameworks */ = {
			isa = PBXFrameworksBuildPhase;
			buildActionMask = 2147483647;
			files = (
			);
			runOnlyForDeploymentPostprocessing = 0;
		};
/* End PBXFrameworksBuildPhase section */

/* Begin PBXGroup section */
		0AE778FC2419F22D00FE8378 = {
			isa = PBXGroup;
			children = (
				0AE779072419F22D00FE8378 /* Demo500px */,
				0AE7791E2419F22F00FE8378 /* Demo500pxTests */,
				0AE779062419F22D00FE8378 /* Products */,
			);
			sourceTree = "<group>";
		};
		0AE779062419F22D00FE8378 /* Products */ = {
			isa = PBXGroup;
			children = (
				0AE779052419F22D00FE8378 /* Demo500px.app */,
				0AE7791B2419F22F00FE8378 /* Demo500pxTests.xctest */,
			);
			name = Products;
			sourceTree = "<group>";
		};
		0AE779072419F22D00FE8378 /* Demo500px */ = {
			isa = PBXGroup;
			children = (
				0AEF443F24264D8F003F1104 /* Model */,
				0AE7792D2419F3BC00FE8378 /* AppDelegate */,
				0AE779302419F3FF00FE8378 /* Extensions */,
				0AE7792B2419F3AA00FE8378 /* Networking */,
				0AE7792C2419F3B100FE8378 /* Resources */,
				0AE7792A2419F3A300FE8378 /* Scenes */,
				0AE7792F2419F3F800FE8378 /* Storyboards */,
				0AE7792E2419F3E800FE8378 /* Supporting Files */,
			);
			path = Demo500px;
			sourceTree = "<group>";
		};
		0AE7791E2419F22F00FE8378 /* Demo500pxTests */ = {
			isa = PBXGroup;
			children = (
				0AEF44502426913C003F1104 /* Service */,
				0AE7791F2419F22F00FE8378 /* Demo500pxTests.swift */,
				0AE779212419F22F00FE8378 /* Info.plist */,
			);
			path = Demo500pxTests;
			sourceTree = "<group>";
		};
		0AE7792A2419F3A300FE8378 /* Scenes */ = {
			isa = PBXGroup;
			children = (
				0AE7790C2419F22D00FE8378 /* ViewController.swift */,
			);
			path = Scenes;
			sourceTree = "<group>";
		};
		0AE7792B2419F3AA00FE8378 /* Networking */ = {
			isa = PBXGroup;
			children = (
				0AEF445324269659003F1104 /* API.swift */,
				0AEF444C242690E3003F1104 /* Endpoint.swift */,
				0A69CD0A2422A66A007E0B1E /* PhotosEndpoint.swift */,
				0AEF443C24264C88003F1104 /* DTO */,
			);
			path = Networking;
			sourceTree = "<group>";
		};
		0AE7792C2419F3B100FE8378 /* Resources */ = {
			isa = PBXGroup;
			children = (
				0AE779112419F22E00FE8378 /* Assets.xcassets */,
			);
			path = Resources;
			sourceTree = "<group>";
		};
		0AE7792D2419F3BC00FE8378 /* AppDelegate */ = {
			isa = PBXGroup;
			children = (
				0AE779082419F22D00FE8378 /* AppDelegate.swift */,
			);
			path = AppDelegate;
			sourceTree = "<group>";
		};
		0AE7792E2419F3E800FE8378 /* Supporting Files */ = {
			isa = PBXGroup;
			children = (
				0AE779162419F22E00FE8378 /* Info.plist */,
				0AF3A90A2419F6F700D7AC39 /* Constants.swift */,
			);
			path = "Supporting Files";
			sourceTree = "<group>";
		};
		0AE7792F2419F3F800FE8378 /* Storyboards */ = {
			isa = PBXGroup;
			children = (
				0AE7790E2419F22D00FE8378 /* Main.storyboard */,
				0AE779132419F22E00FE8378 /* LaunchScreen.storyboard */,
			);
			path = Storyboards;
			sourceTree = "<group>";
		};
		0AE779302419F3FF00FE8378 /* Extensions */ = {
			isa = PBXGroup;
			children = (
			);
			path = Extensions;
			sourceTree = "<group>";
		};
		0AEF443C24264C88003F1104 /* DTO */ = {
			isa = PBXGroup;
			children = (
				0AEF443D24264C95003F1104 /* Image.swift */,
				0AEF444024264E1B003F1104 /* Photo.swift */,
			);
			path = DTO;
			sourceTree = "<group>";
		};
		0AEF443F24264D8F003F1104 /* Model */ = {
			isa = PBXGroup;
			children = (
				0AEF4447242682B1003F1104 /* DictionaryRepresentation.swift */,
				0AEF444524268039003F1104 /* PhotosModel.swift */,
			);
			path = Model;
			sourceTree = "<group>";
		};
		0AEF444224267E3F003F1104 /* Resources */ = {
			isa = PBXGroup;
			children = (
				0AEF444324267E58003F1104 /* Photos.json */,
			);
			path = Resources;
			sourceTree = "<group>";
		};
		0AEF44502426913C003F1104 /* Service */ = {
			isa = PBXGroup;
			children = (
				0AEF444224267E3F003F1104 /* Resources */,
				0AEF44512426916A003F1104 /* PhotosDecodingTests.swift */,
			);
			path = Service;
			sourceTree = "<group>";
		};
/* End PBXGroup section */

/* Begin PBXNativeTarget section */
		0AE779042419F22D00FE8378 /* Demo500px */ = {
			isa = PBXNativeTarget;
			buildConfigurationList = 0AE779242419F22F00FE8378 /* Build configuration list for PBXNativeTarget "Demo500px" */;
			buildPhases = (
				0AE779012419F22D00FE8378 /* Sources */,
				0AE779022419F22D00FE8378 /* Frameworks */,
				0AE779032419F22D00FE8378 /* Resources */,
			);
			buildRules = (
			);
			dependencies = (
			);
			name = Demo500px;
			packageProductDependencies = (
				0AF5E6E22424054800FB1F69 /* Alamofire */,
			);
			productName = Demo500px;
			productReference = 0AE779052419F22D00FE8378 /* Demo500px.app */;
			productType = "com.apple.product-type.application";
		};
		0AE7791A2419F22F00FE8378 /* Demo500pxTests */ = {
			isa = PBXNativeTarget;
			buildConfigurationList = 0AE779272419F22F00FE8378 /* Build configuration list for PBXNativeTarget "Demo500pxTests" */;
			buildPhases = (
				0AE779172419F22F00FE8378 /* Sources */,
				0AE779182419F22F00FE8378 /* Frameworks */,
				0AE779192419F22F00FE8378 /* Resources */,
			);
			buildRules = (
			);
			dependencies = (
				0AE7791D2419F22F00FE8378 /* PBXTargetDependency */,
			);
			name = Demo500pxTests;
			productName = Demo500pxTests;
			productReference = 0AE7791B2419F22F00FE8378 /* Demo500pxTests.xctest */;
			productType = "com.apple.product-type.bundle.unit-test";
		};
/* End PBXNativeTarget section */

/* Begin PBXProject section */
		0AE778FD2419F22D00FE8378 /* Project object */ = {
			isa = PBXProject;
			attributes = {
				LastSwiftUpdateCheck = 1130;
				LastUpgradeCheck = 1130;
				ORGANIZATIONNAME = EsmaGO;
				TargetAttributes = {
					0AE779042419F22D00FE8378 = {
						CreatedOnToolsVersion = 11.3.1;
					};
					0AE7791A2419F22F00FE8378 = {
						CreatedOnToolsVersion = 11.3.1;
						TestTargetID = 0AE779042419F22D00FE8378;
					};
				};
			};
			buildConfigurationList = 0AE779002419F22D00FE8378 /* Build configuration list for PBXProject "Demo500px" */;
			compatibilityVersion = "Xcode 9.3";
			developmentRegion = en;
			hasScannedForEncodings = 0;
			knownRegions = (
				en,
				Base,
			);
			mainGroup = 0AE778FC2419F22D00FE8378;
			packageReferences = (
				0AF5E6E12424054800FB1F69 /* XCRemoteSwiftPackageReference "Alamofire" */,
			);
			productRefGroup = 0AE779062419F22D00FE8378 /* Products */;
			projectDirPath = "";
			projectRoot = "";
			targets = (
				0AE779042419F22D00FE8378 /* Demo500px */,
				0AE7791A2419F22F00FE8378 /* Demo500pxTests */,
			);
		};
/* End PBXProject section */

/* Begin PBXResourcesBuildPhase section */
		0AE779032419F22D00FE8378 /* Resources */ = {
			isa = PBXResourcesBuildPhase;
			buildActionMask = 2147483647;
			files = (
				0AE779152419F22E00FE8378 /* LaunchScreen.storyboard in Resources */,
				0AE779122419F22E00FE8378 /* Assets.xcassets in Resources */,
				0AE779102419F22D00FE8378 /* Main.storyboard in Resources */,
			);
			runOnlyForDeploymentPostprocessing = 0;
		};
		0AE779192419F22F00FE8378 /* Resources */ = {
			isa = PBXResourcesBuildPhase;
			buildActionMask = 2147483647;
			files = (
				0AEF444424267E58003F1104 /* Photos.json in Resources */,
			);
			runOnlyForDeploymentPostprocessing = 0;
		};
/* End PBXResourcesBuildPhase section */

/* Begin PBXSourcesBuildPhase section */
		0AE779012419F22D00FE8378 /* Sources */ = {
			isa = PBXSourcesBuildPhase;
			buildActionMask = 2147483647;
			files = (
				0AEF444624268039003F1104 /* PhotosModel.swift in Sources */,
				0AEF444D242690E3003F1104 /* Endpoint.swift in Sources */,
				0AEF444124264E1B003F1104 /* Photo.swift in Sources */,
				0A69CD0B2422A66A007E0B1E /* PhotosEndpoint.swift in Sources */,
				0AEF445424269659003F1104 /* API.swift in Sources */,
				0AE7790D2419F22D00FE8378 /* ViewController.swift in Sources */,
				0AE779092419F22D00FE8378 /* AppDelegate.swift in Sources */,
				0AEF4448242682B1003F1104 /* DictionaryRepresentation.swift in Sources */,
				0AF3A90B2419F6F700D7AC39 /* Constants.swift in Sources */,
				0AEF443E24264C95003F1104 /* Image.swift in Sources */,
			);
			runOnlyForDeploymentPostprocessing = 0;
		};
		0AE779172419F22F00FE8378 /* Sources */ = {
			isa = PBXSourcesBuildPhase;
			buildActionMask = 2147483647;
			files = (
				0AE779202419F22F00FE8378 /* Demo500pxTests.swift in Sources */,
				0AEF44522426916A003F1104 /* PhotosDecodingTests.swift in Sources */,
			);
			runOnlyForDeploymentPostprocessing = 0;
		};
/* End PBXSourcesBuildPhase section */

/* Begin PBXTargetDependency section */
		0AE7791D2419F22F00FE8378 /* PBXTargetDependency */ = {
			isa = PBXTargetDependency;
			target = 0AE779042419F22D00FE8378 /* Demo500px */;
			targetProxy = 0AE7791C2419F22F00FE8378 /* PBXContainerItemProxy */;
		};
/* End PBXTargetDependency section */

/* Begin PBXVariantGroup section */
		0AE7790E2419F22D00FE8378 /* Main.storyboard */ = {
			isa = PBXVariantGroup;
			children = (
				0AE7790F2419F22D00FE8378 /* Base */,
			);
			name = Main.storyboard;
			sourceTree = "<group>";
		};
		0AE779132419F22E00FE8378 /* LaunchScreen.storyboard */ = {
			isa = PBXVariantGroup;
			children = (
				0AE779142419F22E00FE8378 /* Base */,
			);
			name = LaunchScreen.storyboard;
			sourceTree = "<group>";
		};
/* End PBXVariantGroup section */

/* Begin XCBuildConfiguration section */
		0AE779222419F22F00FE8378 /* Debug */ = {
			isa = XCBuildConfiguration;
			buildSettings = {
				ALWAYS_SEARCH_USER_PATHS = NO;
				CLANG_ANALYZER_NONNULL = YES;
				CLANG_ANALYZER_NUMBER_OBJECT_CONVERSION = YES_AGGRESSIVE;
				CLANG_CXX_LANGUAGE_STANDARD = "gnu++14";
				CLANG_CXX_LIBRARY = "libc++";
				CLANG_ENABLE_MODULES = YES;
				CLANG_ENABLE_OBJC_ARC = YES;
				CLANG_ENABLE_OBJC_WEAK = YES;
				CLANG_WARN_BLOCK_CAPTURE_AUTORELEASING = YES;
				CLANG_WARN_BOOL_CONVERSION = YES;
				CLANG_WARN_COMMA = YES;
				CLANG_WARN_CONSTANT_CONVERSION = YES;
				CLANG_WARN_DEPRECATED_OBJC_IMPLEMENTATIONS = YES;
				CLANG_WARN_DIRECT_OBJC_ISA_USAGE = YES_ERROR;
				CLANG_WARN_DOCUMENTATION_COMMENTS = YES;
				CLANG_WARN_EMPTY_BODY = YES;
				CLANG_WARN_ENUM_CONVERSION = YES;
				CLANG_WARN_INFINITE_RECURSION = YES;
				CLANG_WARN_INT_CONVERSION = YES;
				CLANG_WARN_NON_LITERAL_NULL_CONVERSION = YES;
				CLANG_WARN_OBJC_IMPLICIT_RETAIN_SELF = YES;
				CLANG_WARN_OBJC_LITERAL_CONVERSION = YES;
				CLANG_WARN_OBJC_ROOT_CLASS = YES_ERROR;
				CLANG_WARN_RANGE_LOOP_ANALYSIS = YES;
				CLANG_WARN_STRICT_PROTOTYPES = YES;
				CLANG_WARN_SUSPICIOUS_MOVE = YES;
				CLANG_WARN_UNGUARDED_AVAILABILITY = YES_AGGRESSIVE;
				CLANG_WARN_UNREACHABLE_CODE = YES;
				CLANG_WARN__DUPLICATE_METHOD_MATCH = YES;
				COPY_PHASE_STRIP = NO;
				DEBUG_INFORMATION_FORMAT = dwarf;
				ENABLE_STRICT_OBJC_MSGSEND = YES;
				ENABLE_TESTABILITY = YES;
				GCC_C_LANGUAGE_STANDARD = gnu11;
				GCC_DYNAMIC_NO_PIC = NO;
				GCC_NO_COMMON_BLOCKS = YES;
				GCC_OPTIMIZATION_LEVEL = 0;
				GCC_PREPROCESSOR_DEFINITIONS = (
					"DEBUG=1",
					"$(inherited)",
				);
				GCC_WARN_64_TO_32_BIT_CONVERSION = YES;
				GCC_WARN_ABOUT_RETURN_TYPE = YES_ERROR;
				GCC_WARN_UNDECLARED_SELECTOR = YES;
				GCC_WARN_UNINITIALIZED_AUTOS = YES_AGGRESSIVE;
				GCC_WARN_UNUSED_FUNCTION = YES;
				GCC_WARN_UNUSED_VARIABLE = YES;
				IPHONEOS_DEPLOYMENT_TARGET = 13.2;
				MTL_ENABLE_DEBUG_INFO = INCLUDE_SOURCE;
				MTL_FAST_MATH = YES;
				ONLY_ACTIVE_ARCH = YES;
				SDKROOT = iphoneos;
				SWIFT_ACTIVE_COMPILATION_CONDITIONS = DEBUG;
				SWIFT_OPTIMIZATION_LEVEL = "-Onone";
			};
			name = Debug;
		};
		0AE779232419F22F00FE8378 /* Release */ = {
			isa = XCBuildConfiguration;
			buildSettings = {
				ALWAYS_SEARCH_USER_PATHS = NO;
				CLANG_ANALYZER_NONNULL = YES;
				CLANG_ANALYZER_NUMBER_OBJECT_CONVERSION = YES_AGGRESSIVE;
				CLANG_CXX_LANGUAGE_STANDARD = "gnu++14";
				CLANG_CXX_LIBRARY = "libc++";
				CLANG_ENABLE_MODULES = YES;
				CLANG_ENABLE_OBJC_ARC = YES;
				CLANG_ENABLE_OBJC_WEAK = YES;
				CLANG_WARN_BLOCK_CAPTURE_AUTORELEASING = YES;
				CLANG_WARN_BOOL_CONVERSION = YES;
				CLANG_WARN_COMMA = YES;
				CLANG_WARN_CONSTANT_CONVERSION = YES;
				CLANG_WARN_DEPRECATED_OBJC_IMPLEMENTATIONS = YES;
				CLANG_WARN_DIRECT_OBJC_ISA_USAGE = YES_ERROR;
				CLANG_WARN_DOCUMENTATION_COMMENTS = YES;
				CLANG_WARN_EMPTY_BODY = YES;
				CLANG_WARN_ENUM_CONVERSION = YES;
				CLANG_WARN_INFINITE_RECURSION = YES;
				CLANG_WARN_INT_CONVERSION = YES;
				CLANG_WARN_NON_LITERAL_NULL_CONVERSION = YES;
				CLANG_WARN_OBJC_IMPLICIT_RETAIN_SELF = YES;
				CLANG_WARN_OBJC_LITERAL_CONVERSION = YES;
				CLANG_WARN_OBJC_ROOT_CLASS = YES_ERROR;
				CLANG_WARN_RANGE_LOOP_ANALYSIS = YES;
				CLANG_WARN_STRICT_PROTOTYPES = YES;
				CLANG_WARN_SUSPICIOUS_MOVE = YES;
				CLANG_WARN_UNGUARDED_AVAILABILITY = YES_AGGRESSIVE;
				CLANG_WARN_UNREACHABLE_CODE = YES;
				CLANG_WARN__DUPLICATE_METHOD_MATCH = YES;
				COPY_PHASE_STRIP = NO;
				DEBUG_INFORMATION_FORMAT = "dwarf-with-dsym";
				ENABLE_NS_ASSERTIONS = NO;
				ENABLE_STRICT_OBJC_MSGSEND = YES;
				GCC_C_LANGUAGE_STANDARD = gnu11;
				GCC_NO_COMMON_BLOCKS = YES;
				GCC_WARN_64_TO_32_BIT_CONVERSION = YES;
				GCC_WARN_ABOUT_RETURN_TYPE = YES_ERROR;
				GCC_WARN_UNDECLARED_SELECTOR = YES;
				GCC_WARN_UNINITIALIZED_AUTOS = YES_AGGRESSIVE;
				GCC_WARN_UNUSED_FUNCTION = YES;
				GCC_WARN_UNUSED_VARIABLE = YES;
				IPHONEOS_DEPLOYMENT_TARGET = 13.2;
				MTL_ENABLE_DEBUG_INFO = NO;
				MTL_FAST_MATH = YES;
				SDKROOT = iphoneos;
				SWIFT_COMPILATION_MODE = wholemodule;
				SWIFT_OPTIMIZATION_LEVEL = "-O";
				VALIDATE_PRODUCT = YES;
			};
			name = Release;
		};
		0AE779252419F22F00FE8378 /* Debug */ = {
			isa = XCBuildConfiguration;
			buildSettings = {
				ASSETCATALOG_COMPILER_APPICON_NAME = AppIcon;
				CODE_SIGN_STYLE = Automatic;
				DEVELOPMENT_TEAM = Z7U543763F;
				INFOPLIST_FILE = "$(SRCROOT)/Demo500px/Supporting Files/Info.plist";
				IPHONEOS_DEPLOYMENT_TARGET = 10.0;
				LD_RUNPATH_SEARCH_PATHS = (
					"$(inherited)",
					"@executable_path/Frameworks",
				);
				PRODUCT_BUNDLE_IDENTIFIER = com.esmago.Demo500px;
				PRODUCT_NAME = "$(TARGET_NAME)";
				SWIFT_VERSION = 5.0;
				TARGETED_DEVICE_FAMILY = 1;
			};
			name = Debug;
		};
		0AE779262419F22F00FE8378 /* Release */ = {
			isa = XCBuildConfiguration;
			buildSettings = {
				ASSETCATALOG_COMPILER_APPICON_NAME = AppIcon;
				CODE_SIGN_STYLE = Automatic;
				DEVELOPMENT_TEAM = Z7U543763F;
				INFOPLIST_FILE = "$(SRCROOT)/Demo500px/Supporting Files/Info.plist";
				IPHONEOS_DEPLOYMENT_TARGET = 10.0;
				LD_RUNPATH_SEARCH_PATHS = (
					"$(inherited)",
					"@executable_path/Frameworks",
				);
				PRODUCT_BUNDLE_IDENTIFIER = com.esmago.Demo500px;
				PRODUCT_NAME = "$(TARGET_NAME)";
				SWIFT_VERSION = 5.0;
				TARGETED_DEVICE_FAMILY = 1;
			};
			name = Release;
		};
		0AE779282419F22F00FE8378 /* Debug */ = {
			isa = XCBuildConfiguration;
			buildSettings = {
				ALWAYS_EMBED_SWIFT_STANDARD_LIBRARIES = YES;
				BUNDLE_LOADER = "$(TEST_HOST)";
				CODE_SIGN_STYLE = Automatic;
				DEVELOPMENT_TEAM = Z7U543763F;
				INFOPLIST_FILE = Demo500pxTests/Info.plist;
				IPHONEOS_DEPLOYMENT_TARGET = 13.2;
				LD_RUNPATH_SEARCH_PATHS = (
					"$(inherited)",
					"@executable_path/Frameworks",
					"@loader_path/Frameworks",
				);
				PRODUCT_BUNDLE_IDENTIFIER = com.esmago.Demo500pxTests;
				PRODUCT_NAME = "$(TARGET_NAME)";
				SWIFT_VERSION = 5.0;
				TARGETED_DEVICE_FAMILY = "1,2";
				TEST_HOST = "$(BUILT_PRODUCTS_DIR)/Demo500px.app/Demo500px";
			};
			name = Debug;
		};
		0AE779292419F22F00FE8378 /* Release */ = {
			isa = XCBuildConfiguration;
			buildSettings = {
				ALWAYS_EMBED_SWIFT_STANDARD_LIBRARIES = YES;
				BUNDLE_LOADER = "$(TEST_HOST)";
				CODE_SIGN_STYLE = Automatic;
				DEVELOPMENT_TEAM = Z7U543763F;
				INFOPLIST_FILE = Demo500pxTests/Info.plist;
				IPHONEOS_DEPLOYMENT_TARGET = 13.2;
				LD_RUNPATH_SEARCH_PATHS = (
					"$(inherited)",
					"@executable_path/Frameworks",
					"@loader_path/Frameworks",
				);
				PRODUCT_BUNDLE_IDENTIFIER = com.esmago.Demo500pxTests;
				PRODUCT_NAME = "$(TARGET_NAME)";
				SWIFT_VERSION = 5.0;
				TARGETED_DEVICE_FAMILY = "1,2";
				TEST_HOST = "$(BUILT_PRODUCTS_DIR)/Demo500px.app/Demo500px";
			};
			name = Release;
		};
/* End XCBuildConfiguration section */

/* Begin XCConfigurationList section */
		0AE779002419F22D00FE8378 /* Build configuration list for PBXProject "Demo500px" */ = {
			isa = XCConfigurationList;
			buildConfigurations = (
				0AE779222419F22F00FE8378 /* Debug */,
				0AE779232419F22F00FE8378 /* Release */,
			);
			defaultConfigurationIsVisible = 0;
			defaultConfigurationName = Release;
		};
		0AE779242419F22F00FE8378 /* Build configuration list for PBXNativeTarget "Demo500px" */ = {
			isa = XCConfigurationList;
			buildConfigurations = (
				0AE779252419F22F00FE8378 /* Debug */,
				0AE779262419F22F00FE8378 /* Release */,
			);
			defaultConfigurationIsVisible = 0;
			defaultConfigurationName = Release;
		};
		0AE779272419F22F00FE8378 /* Build configuration list for PBXNativeTarget "Demo500pxTests" */ = {
			isa = XCConfigurationList;
			buildConfigurations = (
				0AE779282419F22F00FE8378 /* Debug */,
				0AE779292419F22F00FE8378 /* Release */,
			);
			defaultConfigurationIsVisible = 0;
			defaultConfigurationName = Release;
		};
/* End XCConfigurationList section */

/* Begin XCRemoteSwiftPackageReference section */
		0AF5E6E12424054800FB1F69 /* XCRemoteSwiftPackageReference "Alamofire" */ = {
			isa = XCRemoteSwiftPackageReference;
			repositoryURL = "https://github.com/Alamofire/Alamofire.git";
			requirement = {
				kind = upToNextMajorVersion;
				minimumVersion = 5.0.4;
			};
		};
/* End XCRemoteSwiftPackageReference section */

/* Begin XCSwiftPackageProductDependency section */
		0AF5E6E22424054800FB1F69 /* Alamofire */ = {
			isa = XCSwiftPackageProductDependency;
			package = 0AF5E6E12424054800FB1F69 /* XCRemoteSwiftPackageReference "Alamofire" */;
			productName = Alamofire;
		};
/* End XCSwiftPackageProductDependency section */
	};
	rootObject = 0AE778FD2419F22D00FE8378 /* Project object */;
}
